
Microsoft Visual Studio Solution File, Format Version 12.00
# Visual Studio 15
VisualStudioVersion = 15.0.26430.16
MinimumVisualStudioVersion = 10.0.40219.1
Project("{FAE04EC0-301F-11D3-BF4B-00C04F79EFBC}") = "Animals", "Animals.csproj", "{4842FF0C-5879-41DC-9974-337F35C5EECE}"
EndProject
Global
	GlobalSection(SolutionConfigurationPlatforms) = preSolution
		Debug|Any CPU = Debug|Any CPU
		Release|Any CPU = Release|Any CPU
	EndGlobalSection
	GlobalSection(ProjectConfigurationPlatforms) = postSolution
		{4842FF0C-5879-41DC-9974-337F35C5EECE}.Debug|Any CPU.ActiveCfg = Debug|Any CPU
		{4842FF0C-5879-41DC-9974-337F35C5EECE}.Debug|Any CPU.Build.0 = Debug|Any CPU
		{4842FF0C-5879-41DC-9974-337F35C5EECE}.Release|Any CPU.ActiveCfg = Release|Any CPU
		{4842FF0C-5879-41DC-9974-337F35C5EECE}.Release|Any CPU.Build.0 = Release|Any CPU
	EndGlobalSection
	GlobalSection(SolutionProperties) = preSolution
		HideSolutionNode = FALSE
	EndGlobalSection
EndGlobal
